
Microsoft Visual Studio Solution File, Format Version 12.00
# Visual Studio Version 16
VisualStudioVersion = 16.0.29326.143
MinimumVisualStudioVersion = 10.0.40219.1
Project("{9A19103F-16F7-4668-BE54-9A1E7A4F7556}") = "NatoliOrderInterface", "NatoliOrderInterface.csproj", "{14EC7DAC-2320-4D22-B5DD-CD42FAB21EEC}"
EndProject
Global
	GlobalSection(SolutionConfigurationPlatforms) = preSolution
		Debug|Any CPU = Debug|Any CPU
		Debug|ARM = Debug|ARM
		Debug|ARM64 = Debug|ARM64
		Debug|x64 = Debug|x64
		Debug|x86 = Debug|x86
		Release|Any CPU = Release|Any CPU
		Release|ARM = Release|ARM
		Release|ARM64 = Release|ARM64
		Release|x64 = Release|x64
		Release|x86 = Release|x86
	EndGlobalSection
	GlobalSection(ProjectConfigurationPlatforms) = postSolution
		{14EC7DAC-2320-4D22-B5DD-CD42FAB21EEC}.Debug|Any CPU.ActiveCfg = Debug|x64
		{14EC7DAC-2320-4D22-B5DD-CD42FAB21EEC}.Debug|Any CPU.Build.0 = Debug|x64
		{14EC7DAC-2320-4D22-B5DD-CD42FAB21EEC}.Debug|ARM.ActiveCfg = Debug|Any CPU
		{14EC7DAC-2320-4D22-B5DD-CD42FAB21EEC}.Debug|ARM.Build.0 = Debug|Any CPU
		{14EC7DAC-2320-4D22-B5DD-CD42FAB21EEC}.Debug|ARM64.ActiveCfg = Debug|Any CPU
		{14EC7DAC-2320-4D22-B5DD-CD42FAB21EEC}.Debug|ARM64.Build.0 = Debug|Any CPU
		{14EC7DAC-2320-4D22-B5DD-CD42FAB21EEC}.Debug|x64.ActiveCfg = Debug|x64
		{14EC7DAC-2320-4D22-B5DD-CD42FAB21EEC}.Debug|x64.Build.0 = Debug|x64
		{14EC7DAC-2320-4D22-B5DD-CD42FAB21EEC}.Debug|x86.ActiveCfg = Debug|x86
		{14EC7DAC-2320-4D22-B5DD-CD42FAB21EEC}.Debug|x86.Build.0 = Debug|x86
		{14EC7DAC-2320-4D22-B5DD-CD42FAB21EEC}.Release|Any CPU.ActiveCfg = Release|x86
		{14EC7DAC-2320-4D22-B5DD-CD42FAB21EEC}.Release|Any CPU.Build.0 = Release|x86
		{14EC7DAC-2320-4D22-B5DD-CD42FAB21EEC}.Release|ARM.ActiveCfg = Release|Any CPU
		{14EC7DAC-2320-4D22-B5DD-CD42FAB21EEC}.Release|ARM.Build.0 = Release|Any CPU
		{14EC7DAC-2320-4D22-B5DD-CD42FAB21EEC}.Release|ARM64.ActiveCfg = Release|Any CPU
		{14EC7DAC-2320-4D22-B5DD-CD42FAB21EEC}.Release|ARM64.Build.0 = Release|Any CPU
		{14EC7DAC-2320-4D22-B5DD-CD42FAB21EEC}.Release|x64.ActiveCfg = Release|x64
		{14EC7DAC-2320-4D22-B5DD-CD42FAB21EEC}.Release|x64.Build.0 = Release|x64
		{14EC7DAC-2320-4D22-B5DD-CD42FAB21EEC}.Release|x86.ActiveCfg = Release|x86
		{14EC7DAC-2320-4D22-B5DD-CD42FAB21EEC}.Release|x86.Build.0 = Release|x86
	EndGlobalSection
	GlobalSection(SolutionProperties) = preSolution
		HideSolutionNode = FALSE
	EndGlobalSection
	GlobalSection(ExtensibilityGlobals) = postSolution
		SolutionGuid = {F771C760-9287-4B90-8D1F-F52FD4CC7E15}
	EndGlobalSection
EndGlobal
